// !$*UTF8*$!
{
	archiveVersion = 1;
	classes = {
	};
	objectVersion = 46;
	objects = {

/* Begin PBXBuildFile section */
		A03F3C421A39396600B7D075 /* AppDelegate.m in Sources */ = {isa = PBXBuildFile; fileRef = A03F3C411A39396600B7D075 /* AppDelegate.m */; };
		A03F3C451A39396600B7D075 /* ViewController.m in Sources */ = {isa = PBXBuildFile; fileRef = A03F3C441A39396600B7D075 /* ViewController.m */; };
		A03F3C591A39396600B7D075 /* CreepTipsTests.m in Sources */ = {isa = PBXBuildFile; fileRef = A03F3C581A39396600B7D075 /* CreepTipsTests.m */; };
		A03F3C6E1A398C8C00B7D075 /* LXPNavigationController.m in Sources */ = {isa = PBXBuildFile; fileRef = A03F3C6D1A398C8C00B7D075 /* LXPNavigationController.m */; };
		A03F3C711A39905E00B7D075 /* LXPTipsListController.m in Sources */ = {isa = PBXBuildFile; fileRef = A03F3C701A39905E00B7D075 /* LXPTipsListController.m */; };
		A03F3C741A39922D00B7D075 /* LXPTipsListView.m in Sources */ = {isa = PBXBuildFile; fileRef = A03F3C731A39922D00B7D075 /* LXPTipsListView.m */; };
		A03F3C761A39AF5800B7D075 /* main.m in Sources */ = {isa = PBXBuildFile; fileRef = A03F3C751A39AF5800B7D075 /* main.m */; };
		A03F3C781A39C96B00B7D075 /* Images.xcassets in Resources */ = {isa = PBXBuildFile; fileRef = A03F3C771A39C96B00B7D075 /* Images.xcassets */; };
		A03F3C7C1A39CD9A00B7D075 /* main.storyboard in Resources */ = {isa = PBXBuildFile; fileRef = A03F3C7B1A39CD9A00B7D075 /* main.storyboard */; };
		A03F3C811A39D0A000B7D075 /* NavigationBarItem.m in Sources */ = {isa = PBXBuildFile; fileRef = A03F3C801A39D0A000B7D075 /* NavigationBarItem.m */; };
/* End PBXBuildFile section */

/* Begin PBXContainerItemProxy section */
		A03F3C531A39396600B7D075 /* PBXContainerItemProxy */ = {
			isa = PBXContainerItemProxy;
			containerPortal = A03F3C311A39396600B7D075 /* Project object */;
			proxyType = 1;
			remoteGlobalIDString = A03F3C381A39396600B7D075;
			remoteInfo = CreepTips;
		};
/* End PBXContainerItemProxy section */

/* Begin PBXFileReference section */
		A03F3C391A39396600B7D075 /* CreepTips.app */ = {isa = PBXFileReference; explicitFileType = wrapper.application; includeInIndex = 0; path = CreepTips.app; sourceTree = BUILT_PRODUCTS_DIR; };
		A03F3C401A39396600B7D075 /* AppDelegate.h */ = {isa = PBXFileReference; lastKnownFileType = sourcecode.c.h; path = AppDelegate.h; sourceTree = "<group>"; };
		A03F3C411A39396600B7D075 /* AppDelegate.m */ = {isa = PBXFileReference; lastKnownFileType = sourcecode.c.objc; path = AppDelegate.m; sourceTree = "<group>"; };
		A03F3C431A39396600B7D075 /* ViewController.h */ = {isa = PBXFileReference; lastKnownFileType = sourcecode.c.h; path = ViewController.h; sourceTree = "<group>"; };
		A03F3C441A39396600B7D075 /* ViewController.m */ = {isa = PBXFileReference; lastKnownFileType = sourcecode.c.objc; path = ViewController.m; sourceTree = "<group>"; };
		A03F3C521A39396600B7D075 /* CreepTipsTests.xctest */ = {isa = PBXFileReference; explicitFileType = wrapper.cfbundle; includeInIndex = 0; path = CreepTipsTests.xctest; sourceTree = BUILT_PRODUCTS_DIR; };
		A03F3C571A39396600B7D075 /* Info.plist */ = {isa = PBXFileReference; lastKnownFileType = text.plist.xml; path = Info.plist; sourceTree = "<group>"; };
		A03F3C581A39396600B7D075 /* CreepTipsTests.m */ = {isa = PBXFileReference; lastKnownFileType = sourcecode.c.objc; path = CreepTipsTests.m; sourceTree = "<group>"; };
		A03F3C6C1A398C8C00B7D075 /* LXPNavigationController.h */ = {isa = PBXFileReference; fileEncoding = 4; lastKnownFileType = sourcecode.c.h; path = LXPNavigationController.h; sourceTree = "<group>"; };
		A03F3C6D1A398C8C00B7D075 /* LXPNavigationController.m */ = {isa = PBXFileReference; fileEncoding = 4; lastKnownFileType = sourcecode.c.objc; path = LXPNavigationController.m; sourceTree = "<group>"; };
		A03F3C6F1A39905E00B7D075 /* LXPTipsListController.h */ = {isa = PBXFileReference; fileEncoding = 4; lastKnownFileType = sourcecode.c.h; path = LXPTipsListController.h; sourceTree = "<group>"; };
		A03F3C701A39905E00B7D075 /* LXPTipsListController.m */ = {isa = PBXFileReference; fileEncoding = 4; lastKnownFileType = sourcecode.c.objc; path = LXPTipsListController.m; sourceTree = "<group>"; };
		A03F3C721A39922D00B7D075 /* LXPTipsListView.h */ = {isa = PBXFileReference; fileEncoding = 4; lastKnownFileType = sourcecode.c.h; path = LXPTipsListView.h; sourceTree = "<group>"; };
		A03F3C731A39922D00B7D075 /* LXPTipsListView.m */ = {isa = PBXFileReference; fileEncoding = 4; lastKnownFileType = sourcecode.c.objc; path = LXPTipsListView.m; sourceTree = "<group>"; };
		A03F3C751A39AF5800B7D075 /* main.m */ = {isa = PBXFileReference; fileEncoding = 4; lastKnownFileType = sourcecode.c.objc; path = main.m; sourceTree = "<group>"; };
		A03F3C771A39C96B00B7D075 /* Images.xcassets */ = {isa = PBXFileReference; lastKnownFileType = folder.assetcatalog; path = Images.xcassets; sourceTree = "<group>"; };
		A03F3C7B1A39CD9A00B7D075 /* main.storyboard */ = {isa = PBXFileReference; fileEncoding = 4; lastKnownFileType = file.storyboard; path = main.storyboard; sourceTree = "<group>"; };
		A03F3C7F1A39D0A000B7D075 /* NavigationBarItem.h */ = {isa = PBXFileReference; fileEncoding = 4; lastKnownFileType = sourcecode.c.h; path = NavigationBarItem.h; sourceTree = "<group>"; };
		A03F3C801A39D0A000B7D075 /* NavigationBarItem.m */ = {isa = PBXFileReference; fileEncoding = 4; lastKnownFileType = sourcecode.c.objc; path = NavigationBarItem.m; sourceTree = "<group>"; };
/* End PBXFileReference section */

/* Begin PBXFrameworksBuildPhase section */
		A03F3C361A39396600B7D075 /* Frameworks */ = {
			isa = PBXFrameworksBuildPhase;
			buildActionMask = 2147483647;
			files = (
			);
			runOnlyForDeploymentPostprocessing = 0;
		};
		A03F3C4F1A39396600B7D075 /* Frameworks */ = {
			isa = PBXFrameworksBuildPhase;
			buildActionMask = 2147483647;
			files = (
			);
			runOnlyForDeploymentPostprocessing = 0;
		};
/* End PBXFrameworksBuildPhase section */

/* Begin PBXGroup section */
		A03F3C301A39396600B7D075 = {
			isa = PBXGroup;
			children = (
				A03F3C3B1A39396600B7D075 /* CreepTips */,
				A03F3C551A39396600B7D075 /* CreepTipsTests */,
				A03F3C3A1A39396600B7D075 /* Products */,
			);
			sourceTree = "<group>";
		};
		A03F3C3A1A39396600B7D075 /* Products */ = {
			isa = PBXGroup;
			children = (
				A03F3C391A39396600B7D075 /* CreepTips.app */,
				A03F3C521A39396600B7D075 /* CreepTipsTests.xctest */,
			);
			name = Products;
			sourceTree = "<group>";
		};
		A03F3C3B1A39396600B7D075 /* CreepTips */ = {
			isa = PBXGroup;
			children = (
				A03F3C7E1A39D07F00B7D075 /* Navigation */,
				A03F3C7B1A39CD9A00B7D075 /* main.storyboard */,
				A03F3C771A39C96B00B7D075 /* Images.xcassets */,
				A03F3C751A39AF5800B7D075 /* main.m */,
				A03F3C401A39396600B7D075 /* AppDelegate.h */,
				A03F3C411A39396600B7D075 /* AppDelegate.m */,
				A03F3C431A39396600B7D075 /* ViewController.h */,
				A03F3C441A39396600B7D075 /* ViewController.m */,
				A03F3C6C1A398C8C00B7D075 /* LXPNavigationController.h */,
				A03F3C6D1A398C8C00B7D075 /* LXPNavigationController.m */,
				A03F3C6F1A39905E00B7D075 /* LXPTipsListController.h */,
				A03F3C701A39905E00B7D075 /* LXPTipsListController.m */,
				A03F3C721A39922D00B7D075 /* LXPTipsListView.h */,
				A03F3C731A39922D00B7D075 /* LXPTipsListView.m */,
			);
			path = CreepTips;
			sourceTree = "<group>";
		};
		A03F3C551A39396600B7D075 /* CreepTipsTests */ = {
			isa = PBXGroup;
			children = (
				A03F3C581A39396600B7D075 /* CreepTipsTests.m */,
				A03F3C561A39396600B7D075 /* Supporting Files */,
			);
			path = CreepTipsTests;
			sourceTree = "<group>";
		};
		A03F3C561A39396600B7D075 /* Supporting Files */ = {
			isa = PBXGroup;
			children = (
				A03F3C571A39396600B7D075 /* Info.plist */,
			);
			name = "Supporting Files";
			sourceTree = "<group>";
		};
		A03F3C7E1A39D07F00B7D075 /* Navigation */ = {
			isa = PBXGroup;
			children = (
				A03F3C7F1A39D0A000B7D075 /* NavigationBarItem.h */,
				A03F3C801A39D0A000B7D075 /* NavigationBarItem.m */,
			);
			path = Navigation;
			sourceTree = "<group>";
		};
/* End PBXGroup section */

/* Begin PBXNativeTarget section */
		A03F3C381A39396600B7D075 /* CreepTips */ = {
			isa = PBXNativeTarget;
			buildConfigurationList = A03F3C5C1A39396600B7D075 /* Build configuration list for PBXNativeTarget "CreepTips" */;
			buildPhases = (
				A03F3C351A39396600B7D075 /* Sources */,
				A03F3C361A39396600B7D075 /* Frameworks */,
				A03F3C371A39396600B7D075 /* Resources */,
			);
			buildRules = (
			);
			dependencies = (
			);
			name = CreepTips;
			productName = CreepTips;
			productReference = A03F3C391A39396600B7D075 /* CreepTips.app */;
			productType = "com.apple.product-type.application";
		};
		A03F3C511A39396600B7D075 /* CreepTipsTests */ = {
			isa = PBXNativeTarget;
			buildConfigurationList = A03F3C5F1A39396600B7D075 /* Build configuration list for PBXNativeTarget "CreepTipsTests" */;
			buildPhases = (
				A03F3C4E1A39396600B7D075 /* Sources */,
				A03F3C4F1A39396600B7D075 /* Frameworks */,
				A03F3C501A39396600B7D075 /* Resources */,
			);
			buildRules = (
			);
			dependencies = (
				A03F3C541A39396600B7D075 /* PBXTargetDependency */,
			);
			name = CreepTipsTests;
			productName = CreepTipsTests;
			productReference = A03F3C521A39396600B7D075 /* CreepTipsTests.xctest */;
			productType = "com.apple.product-type.bundle.unit-test";
		};
/* End PBXNativeTarget section */

/* Begin PBXProject section */
		A03F3C311A39396600B7D075 /* Project object */ = {
			isa = PBXProject;
			attributes = {
				LastUpgradeCheck = 0610;
				ORGANIZATIONNAME = "李兴鹏";
				TargetAttributes = {
					A03F3C381A39396600B7D075 = {
						CreatedOnToolsVersion = 6.1.1;
					};
					A03F3C511A39396600B7D075 = {
						CreatedOnToolsVersion = 6.1.1;
						TestTargetID = A03F3C381A39396600B7D075;
					};
				};
			};
			buildConfigurationList = A03F3C341A39396600B7D075 /* Build configuration list for PBXProject "CreepTips" */;
			compatibilityVersion = "Xcode 3.2";
			developmentRegion = English;
			hasScannedForEncodings = 0;
			knownRegions = (
				en,
				Base,
			);
			mainGroup = A03F3C301A39396600B7D075;
			productRefGroup = A03F3C3A1A39396600B7D075 /* Products */;
			projectDirPath = "";
			projectRoot = "";
			targets = (
				A03F3C381A39396600B7D075 /* CreepTips */,
				A03F3C511A39396600B7D075 /* CreepTipsTests */,
			);
		};
/* End PBXProject section */

/* Begin PBXResourcesBuildPhase section */
		A03F3C371A39396600B7D075 /* Resources */ = {
			isa = PBXResourcesBuildPhase;
			buildActionMask = 2147483647;
			files = (
				A03F3C781A39C96B00B7D075 /* Images.xcassets in Resources */,
				A03F3C7C1A39CD9A00B7D075 /* main.storyboard in Resources */,
			);
			runOnlyForDeploymentPostprocessing = 0;
		};
		A03F3C501A39396600B7D075 /* Resources */ = {
			isa = PBXResourcesBuildPhase;
			buildActionMask = 2147483647;
			files = (
			);
			runOnlyForDeploymentPostprocessing = 0;
		};
/* End PBXResourcesBuildPhase section */

/* Begin PBXSourcesBuildPhase section */
		A03F3C351A39396600B7D075 /* Sources */ = {
			isa = PBXSourcesBuildPhase;
			buildActionMask = 2147483647;
			files = (
				A03F3C6E1A398C8C00B7D075 /* LXPNavigationController.m in Sources */,
				A03F3C451A39396600B7D075 /* ViewController.m in Sources */,
				A03F3C421A39396600B7D075 /* AppDelegate.m in Sources */,
				A03F3C811A39D0A000B7D075 /* NavigationBarItem.m in Sources */,
				A03F3C711A39905E00B7D075 /* LXPTipsListController.m in Sources */,
				A03F3C761A39AF5800B7D075 /* main.m in Sources */,
				A03F3C741A39922D00B7D075 /* LXPTipsListView.m in Sources */,
			);
			runOnlyForDeploymentPostprocessing = 0;
		};
		A03F3C4E1A39396600B7D075 /* Sources */ = {
			isa = PBXSourcesBuildPhase;
			buildActionMask = 2147483647;
			files = (
				A03F3C591A39396600B7D075 /* CreepTipsTests.m in Sources */,
			);
			runOnlyForDeploymentPostprocessing = 0;
		};
/* End PBXSourcesBuildPhase section */

/* Begin PBXTargetDependency section */
		A03F3C541A39396600B7D075 /* PBXTargetDependency */ = {
			isa = PBXTargetDependency;
			target = A03F3C381A39396600B7D075 /* CreepTips */;
			targetProxy = A03F3C531A39396600B7D075 /* PBXContainerItemProxy */;
		};
/* End PBXTargetDependency section */

/* Begin XCBuildConfiguration section */
		A03F3C5A1A39396600B7D075 /* Debug */ = {
			isa = XCBuildConfiguration;
			buildSettings = {
				ALWAYS_SEARCH_USER_PATHS = NO;
				CLANG_CXX_LANGUAGE_STANDARD = "gnu++0x";
				CLANG_CXX_LIBRARY = "libc++";
				CLANG_ENABLE_MODULES = YES;
				CLANG_ENABLE_OBJC_ARC = YES;
				CLANG_WARN_BOOL_CONVERSION = YES;
				CLANG_WARN_CONSTANT_CONVERSION = YES;
				CLANG_WARN_DIRECT_OBJC_ISA_USAGE = YES_ERROR;
				CLANG_WARN_EMPTY_BODY = YES;
				CLANG_WARN_ENUM_CONVERSION = YES;
				CLANG_WARN_INT_CONVERSION = YES;
				CLANG_WARN_OBJC_ROOT_CLASS = YES_ERROR;
				CLANG_WARN_UNREACHABLE_CODE = YES;
				CLANG_WARN__DUPLICATE_METHOD_MATCH = YES;
				"CODE_SIGN_IDENTITY[sdk=iphoneos*]" = "iPhone Developer";
				COPY_PHASE_STRIP = NO;
				ENABLE_STRICT_OBJC_MSGSEND = YES;
				GCC_C_LANGUAGE_STANDARD = gnu99;
				GCC_DYNAMIC_NO_PIC = NO;
				GCC_OPTIMIZATION_LEVEL = 0;
				GCC_PREPROCESSOR_DEFINITIONS = (
					"DEBUG=1",
					"$(inherited)",
				);
				GCC_SYMBOLS_PRIVATE_EXTERN = NO;
				GCC_WARN_64_TO_32_BIT_CONVERSION = YES;
				GCC_WARN_ABOUT_RETURN_TYPE = YES_ERROR;
				GCC_WARN_UNDECLARED_SELECTOR = YES;
				GCC_WARN_UNINITIALIZED_AUTOS = YES_AGGRESSIVE;
				GCC_WARN_UNUSED_FUNCTION = YES;
				GCC_WARN_UNUSED_VARIABLE = YES;
				IPHONEOS_DEPLOYMENT_TARGET = 8.1;
				MTL_ENABLE_DEBUG_INFO = YES;
				ONLY_ACTIVE_ARCH = NO;
				SDKROOT = iphoneos;
			};
			name = Debug;
		};
		A03F3C5B1A39396600B7D075 /* Release */ = {
			isa = XCBuildConfiguration;
			buildSettings = {
				ALWAYS_SEARCH_USER_PATHS = NO;
				CLANG_CXX_LANGUAGE_STANDARD = "gnu++0x";
				CLANG_CXX_LIBRARY = "libc++";
				CLANG_ENABLE_MODULES = YES;
				CLANG_ENABLE_OBJC_ARC = YES;
				CLANG_WARN_BOOL_CONVERSION = YES;
				CLANG_WARN_CONSTANT_CONVERSION = YES;
				CLANG_WARN_DIRECT_OBJC_ISA_USAGE = YES_ERROR;
				CLANG_WARN_EMPTY_BODY = YES;
				CLANG_WARN_ENUM_CONVERSION = YES;
				CLANG_WARN_INT_CONVERSION = YES;
				CLANG_WARN_OBJC_ROOT_CLASS = YES_ERROR;
				CLANG_WARN_UNREACHABLE_CODE = YES;
				CLANG_WARN__DUPLICATE_METHOD_MATCH = YES;
				"CODE_SIGN_IDENTITY[sdk=iphoneos*]" = "iPhone Developer";
				COPY_PHASE_STRIP = YES;
				ENABLE_NS_ASSERTIONS = NO;
				ENABLE_STRICT_OBJC_MSGSEND = YES;
				GCC_C_LANGUAGE_STANDARD = gnu99;
				GCC_WARN_64_TO_32_BIT_CONVERSION = YES;
				GCC_WARN_ABOUT_RETURN_TYPE = YES_ERROR;
				GCC_WARN_UNDECLARED_SELECTOR = YES;
				GCC_WARN_UNINITIALIZED_AUTOS = YES_AGGRESSIVE;
				GCC_WARN_UNUSED_FUNCTION = YES;
				GCC_WARN_UNUSED_VARIABLE = YES;
				IPHONEOS_DEPLOYMENT_TARGET = 8.1;
				MTL_ENABLE_DEBUG_INFO = NO;
				SDKROOT = iphoneos;
				VALIDATE_PRODUCT = YES;
			};
			name = Release;
		};
		A03F3C5D1A39396600B7D075 /* Debug */ = {
			isa = XCBuildConfiguration;
			buildSettings = {
				ASSETCATALOG_COMPILER_LAUNCHIMAGE_NAME = LaunchImage;
				INFOPLIST_FILE = "$(SRCROOT)/CreepTipsTests/Info.plist";
				IPHONEOS_DEPLOYMENT_TARGET = 7.1;
				LD_RUNPATH_SEARCH_PATHS = "$(inherited) @executable_path/Frameworks";
				PRODUCT_NAME = "$(TARGET_NAME)";
			};
			name = Debug;
		};
		A03F3C5E1A39396600B7D075 /* Release */ = {
			isa = XCBuildConfiguration;
			buildSettings = {
				ASSETCATALOG_COMPILER_LAUNCHIMAGE_NAME = LaunchImage;
				INFOPLIST_FILE = "$(SRCROOT)/CreepTipsTests/Info.plist";
				IPHONEOS_DEPLOYMENT_TARGET = 7.1;
				LD_RUNPATH_SEARCH_PATHS = "$(inherited) @executable_path/Frameworks";
				PRODUCT_NAME = "$(TARGET_NAME)";
			};
			name = Release;
		};
		A03F3C601A39396600B7D075 /* Debug */ = {
			isa = XCBuildConfiguration;
			buildSettings = {
				BUNDLE_LOADER = "$(TEST_HOST)";
				FRAMEWORK_SEARCH_PATHS = (
					"$(SDKROOT)/Developer/Library/Frameworks",
					"$(inherited)",
				);
				GCC_PREPROCESSOR_DEFINITIONS = (
					"DEBUG=1",
					"$(inherited)",
				);
				INFOPLIST_FILE = CreepTipsTests/Info.plist;
				LD_RUNPATH_SEARCH_PATHS = "$(inherited) @executable_path/Frameworks @loader_path/Frameworks";
				PRODUCT_NAME = "$(TARGET_NAME)";
				TEST_HOST = "$(BUILT_PRODUCTS_DIR)/CreepTips.app/CreepTips";
			};
			name = Debug;
		};
		A03F3C611A39396600B7D075 /* Release */ = {
			isa = XCBuildConfiguration;
			buildSettings = {
				BUNDLE_LOADER = "$(TEST_HOST)";
				FRAMEWORK_SEARCH_PATHS = (
					"$(SDKROOT)/Developer/Library/Frameworks",
					"$(inherited)",
				);
				INFOPLIST_FILE = CreepTipsTests/Info.plist;
				LD_RUNPATH_SEARCH_PATHS = "$(inherited) @executable_path/Frameworks @loader_path/Frameworks";
				PRODUCT_NAME = "$(TARGET_NAME)";
				TEST_HOST = "$(BUILT_PRODUCTS_DIR)/CreepTips.app/CreepTips";
			};
			name = Release;
		};
/* End XCBuildConfiguration section */

/* Begin XCConfigurationList section */
		A03F3C341A39396600B7D075 /* Build configuration list for PBXProject "CreepTips" */ = {
			isa = XCConfigurationList;
			buildConfigurations = (
				A03F3C5A1A39396600B7D075 /* Debug */,
				A03F3C5B1A39396600B7D075 /* Release */,
			);
			defaultConfigurationIsVisible = 0;
			defaultConfigurationName = Release;
		};
		A03F3C5C1A39396600B7D075 /* Build configuration list for PBXNativeTarget "CreepTips" */ = {
			isa = XCConfigurationList;
			buildConfigurations = (
				A03F3C5D1A39396600B7D075 /* Debug */,
				A03F3C5E1A39396600B7D075 /* Release */,
			);
			defaultConfigurationIsVisible = 0;
			defaultConfigurationName = Release;
		};
		A03F3C5F1A39396600B7D075 /* Build configuration list for PBXNativeTarget "CreepTipsTests" */ = {
			isa = XCConfigurationList;
			buildConfigurations = (
				A03F3C601A39396600B7D075 /* Debug */,
				A03F3C611A39396600B7D075 /* Release */,
			);
			defaultConfigurationIsVisible = 0;
			defaultConfigurationName = Release;
		};
/* End XCConfigurationList section */
	};
	rootObject = A03F3C311A39396600B7D075 /* Project object */;
}
